
Microsoft Visual Studio Solution File, Format Version 12.00
# Visual Studio 15
VisualStudioVersion = 15.0.28010.2003
MinimumVisualStudioVersion = 10.0.40219.1
Project("{FAE04EC0-301F-11D3-BF4B-00C04F79EFBC}") = "reporter", "reporter\reporter.csproj", "{5411FE45-289E-49D6-8E1F-2939C582DD4E}"
EndProject
Global
	GlobalSection(SolutionConfigurationPlatforms) = preSolution
		Debug|Any CPU = Debug|Any CPU
		Release|Any CPU = Release|Any CPU
	EndGlobalSection
	GlobalSection(ProjectConfigurationPlatforms) = postSolution
		{5411FE45-289E-49D6-8E1F-2939C582DD4E}.Debug|Any CPU.ActiveCfg = Debug|Any CPU
		{5411FE45-289E-49D6-8E1F-2939C582DD4E}.Debug|Any CPU.Build.0 = Debug|Any CPU
		{5411FE45-289E-49D6-8E1F-2939C582DD4E}.Release|Any CPU.ActiveCfg = Release|Any CPU
		{5411FE45-289E-49D6-8E1F-2939C582DD4E}.Release|Any CPU.Build.0 = Release|Any CPU
	EndGlobalSection
	GlobalSection(SolutionProperties) = preSolution
		HideSolutionNode = FALSE
	EndGlobalSection
	GlobalSection(ExtensibilityGlobals) = postSolution
		SolutionGuid = {53418ED9-75D7-4B96-A876-56E04FA05242}
	EndGlobalSection
EndGlobal
